// !$*UTF8*$!
{
	archiveVersion = 1;
	classes = {
	};
	objectVersion = 46;
	objects = {

/* Begin PBXBuildFile section */
		B61872961CC1383400878EDE /* BaseViewController.swift in Sources */ = {isa = PBXBuildFile; fileRef = B61872951CC1383400878EDE /* BaseViewController.swift */; };
		B61872981CC13BD200878EDE /* BaseGroupTableViewController.swift in Sources */ = {isa = PBXBuildFile; fileRef = B61872971CC13BD200878EDE /* BaseGroupTableViewController.swift */; };
		B618729A1CC13EFF00878EDE /* SubjectViewController.swift in Sources */ = {isa = PBXBuildFile; fileRef = B61872991CC13EFF00878EDE /* SubjectViewController.swift */; };
		B618729C1CC144B700878EDE /* subject.storyboard in Resources */ = {isa = PBXBuildFile; fileRef = B618729B1CC144B700878EDE /* subject.storyboard */; };
		B618729F1CC1463F00878EDE /* ResponderChainViewController.swift in Sources */ = {isa = PBXBuildFile; fileRef = B618729E1CC1463F00878EDE /* ResponderChainViewController.swift */; };
		B61872A11CC1470C00878EDE /* BaseNavigationController.swift in Sources */ = {isa = PBXBuildFile; fileRef = B61872A01CC1470C00878EDE /* BaseNavigationController.swift */; };
		B6296D681CE32E6A00492C1B /* CoreTextPlainVC.swift in Sources */ = {isa = PBXBuildFile; fileRef = B6296D671CE32E6A00492C1B /* CoreTextPlainVC.swift */; };
		B6296D6A1CE32F5400492C1B /* BasePlainTableViewController.swift in Sources */ = {isa = PBXBuildFile; fileRef = B6296D691CE32F5400492C1B /* BasePlainTableViewController.swift */; };
		B6296D6C1CE37ACC00492C1B /* CoreTextPictureVC.swift in Sources */ = {isa = PBXBuildFile; fileRef = B6296D6B1CE37ACC00492C1B /* CoreTextPictureVC.swift */; };
		B634BE141CCE5159008C26CB /* CoreTextViewController.swift in Sources */ = {isa = PBXBuildFile; fileRef = B634BE131CCE5159008C26CB /* CoreTextViewController.swift */; };
		B64BEE241CF92ED300482407 /* Transaction.swift in Sources */ = {isa = PBXBuildFile; fileRef = B64BEE231CF92ED300482407 /* Transaction.swift */; };
		B64BEE271CF93A9E00482407 /* ChatVC.swift in Sources */ = {isa = PBXBuildFile; fileRef = B64BEE261CF93A9E00482407 /* ChatVC.swift */; };
		B657CB611CC6552C00EE506F /* LinkedImplementsViewController.swift in Sources */ = {isa = PBXBuildFile; fileRef = B657CB601CC6552C00EE506F /* LinkedImplementsViewController.swift */; };
		B657CB641CC656B300EE506F /* GCDdayDreamViewController.swift in Sources */ = {isa = PBXBuildFile; fileRef = B657CB631CC656B300EE506F /* GCDdayDreamViewController.swift */; };
		B65B7DC11CEC0D3100F1E072 /* PoiSearchDemoVC.swift in Sources */ = {isa = PBXBuildFile; fileRef = B65B7DC01CEC0D3100F1E072 /* PoiSearchDemoVC.swift */; };
		B65B7DC31CEC4C9400F1E072 /* GeocodeDemoVC.swift in Sources */ = {isa = PBXBuildFile; fileRef = B65B7DC21CEC4C9400F1E072 /* GeocodeDemoVC.swift */; };
		B664FD221CEF459800E88088 /* LYPullRefreshScrollView.swift in Sources */ = {isa = PBXBuildFile; fileRef = B664FD211CEF459800E88088 /* LYPullRefreshScrollView.swift */; };
		B68709FD1CC60D490012345F /* SQLiteDBUtil.swift in Sources */ = {isa = PBXBuildFile; fileRef = B68709FC1CC60D490012345F /* SQLiteDBUtil.swift */; };
		B696347B1CDEEEC6009D6188 /* CoreGraphicsViewController.swift in Sources */ = {isa = PBXBuildFile; fileRef = B696347A1CDEEEC6009D6188 /* CoreGraphicsViewController.swift */; };
		B696347E1CDF3892009D6188 /* SunLayer.swift in Sources */ = {isa = PBXBuildFile; fileRef = B696347D1CDF3892009D6188 /* SunLayer.swift */; };
		B69634801CE024B2009D6188 /* CoreGraphics.framework in Frameworks */ = {isa = PBXBuildFile; fileRef = B696347F1CE024B2009D6188 /* CoreGraphics.framework */; };
		B69EFC461CEAB02D00A20F20 /* BaiduMapAPI_Base.framework in Frameworks */ = {isa = PBXBuildFile; fileRef = B69EFC3F1CEAB02D00A20F20 /* BaiduMapAPI_Base.framework */; };
		B69EFC471CEAB02D00A20F20 /* BaiduMapAPI_Cloud.framework in Frameworks */ = {isa = PBXBuildFile; fileRef = B69EFC401CEAB02D00A20F20 /* BaiduMapAPI_Cloud.framework */; };
		B69EFC481CEAB02D00A20F20 /* BaiduMapAPI_Location.framework in Frameworks */ = {isa = PBXBuildFile; fileRef = B69EFC411CEAB02D00A20F20 /* BaiduMapAPI_Location.framework */; };
		B69EFC491CEAB02D00A20F20 /* BaiduMapAPI_Map.framework in Frameworks */ = {isa = PBXBuildFile; fileRef = B69EFC421CEAB02D00A20F20 /* BaiduMapAPI_Map.framework */; };
		B69EFC4A1CEAB02D00A20F20 /* BaiduMapAPI_Radar.framework in Frameworks */ = {isa = PBXBuildFile; fileRef = B69EFC431CEAB02D00A20F20 /* BaiduMapAPI_Radar.framework */; };
		B69EFC4B1CEAB02D00A20F20 /* BaiduMapAPI_Search.framework in Frameworks */ = {isa = PBXBuildFile; fileRef = B69EFC441CEAB02D00A20F20 /* BaiduMapAPI_Search.framework */; };
		B69EFC4C1CEAB02D00A20F20 /* BaiduMapAPI_Utils.framework in Frameworks */ = {isa = PBXBuildFile; fileRef = B69EFC451CEAB02D00A20F20 /* BaiduMapAPI_Utils.framework */; };
		B69EFC4E1CEAB06300A20F20 /* QuartzCore.framework in Frameworks */ = {isa = PBXBuildFile; fileRef = B69EFC4D1CEAB06300A20F20 /* QuartzCore.framework */; };
		B69EFC501CEAB07200A20F20 /* OpenGLES.framework in Frameworks */ = {isa = PBXBuildFile; fileRef = B69EFC4F1CEAB07200A20F20 /* OpenGLES.framework */; };
		B69EFC521CEAB07D00A20F20 /* SystemConfiguration.framework in Frameworks */ = {isa = PBXBuildFile; fileRef = B69EFC511CEAB07D00A20F20 /* SystemConfiguration.framework */; };
		B69EFC541CEAB08F00A20F20 /* CoreLocation.framework in Frameworks */ = {isa = PBXBuildFile; fileRef = B69EFC531CEAB08F00A20F20 /* CoreLocation.framework */; };
		B69EFC561CEAB0A000A20F20 /* Security.framework in Frameworks */ = {isa = PBXBuildFile; fileRef = B69EFC551CEAB0A000A20F20 /* Security.framework */; };
		B69EFC581CEAB0B300A20F20 /* libsqlite3.0.tbd in Frameworks */ = {isa = PBXBuildFile; fileRef = B69EFC571CEAB0B300A20F20 /* libsqlite3.0.tbd */; };
		B69EFC5A1CEAB0C100A20F20 /* CoreTelephony.framework in Frameworks */ = {isa = PBXBuildFile; fileRef = B69EFC591CEAB0C100A20F20 /* CoreTelephony.framework */; };
		B69EFC5C1CEAB0D500A20F20 /* libstdc++.6.0.9.tbd in Frameworks */ = {isa = PBXBuildFile; fileRef = B69EFC5B1CEAB0D500A20F20 /* libstdc++.6.0.9.tbd */; };
		B69EFC5F1CEAB57900A20F20 /* mapapi.bundle in Resources */ = {isa = PBXBuildFile; fileRef = B69EFC5E1CEAB57900A20F20 /* mapapi.bundle */; };
		B69EFC611CEABDCF00A20F20 /* MapViewBaseDemoVC.swift in Sources */ = {isa = PBXBuildFile; fileRef = B69EFC601CEABDCF00A20F20 /* MapViewBaseDemoVC.swift */; };
		B69EFC631CEAF28900A20F20 /* MultiMapViewDemoVC.swift in Sources */ = {isa = PBXBuildFile; fileRef = B69EFC621CEAF28900A20F20 /* MultiMapViewDemoVC.swift */; };
		B69EFC651CEB021500A20F20 /* AnnotationDemoVC.swift in Sources */ = {isa = PBXBuildFile; fileRef = B69EFC641CEB021500A20F20 /* AnnotationDemoVC.swift */; };
		B69EFC6A1CEB057F00A20F20 /* SWXMLHash+TypeConversion.swift in Sources */ = {isa = PBXBuildFile; fileRef = B69EFC671CEB057F00A20F20 /* SWXMLHash+TypeConversion.swift */; };
		B69EFC6B1CEB057F00A20F20 /* SWXMLHash.swift in Sources */ = {isa = PBXBuildFile; fileRef = B69EFC691CEB057F00A20F20 /* SWXMLHash.swift */; };
		B69EFC6F1CEB067800A20F20 /* ColorUtil.swift in Sources */ = {isa = PBXBuildFile; fileRef = B69EFC6E1CEB067800A20F20 /* ColorUtil.swift */; };
		B69EFC711CEB069500A20F20 /* Config.swift in Sources */ = {isa = PBXBuildFile; fileRef = B69EFC701CEB069500A20F20 /* Config.swift */; };
		B69EFC731CEB071200A20F20 /* Application.swift in Sources */ = {isa = PBXBuildFile; fileRef = B69EFC721CEB071200A20F20 /* Application.swift */; };
		B69EFC751CEB1C3E00A20F20 /* texture_arrow.png in Resources */ = {isa = PBXBuildFile; fileRef = B69EFC741CEB1C3E00A20F20 /* texture_arrow.png */; };
		B69EFC781CEB28D800A20F20 /* AnimatedAnnotationView.swift in Sources */ = {isa = PBXBuildFile; fileRef = B69EFC771CEB28D800A20F20 /* AnimatedAnnotationView.swift */; };
		B69EFC7C1CEB293100A20F20 /* poi_1.png in Resources */ = {isa = PBXBuildFile; fileRef = B69EFC791CEB293100A20F20 /* poi_1.png */; };
		B69EFC7D1CEB293100A20F20 /* poi_2.png in Resources */ = {isa = PBXBuildFile; fileRef = B69EFC7A1CEB293100A20F20 /* poi_2.png */; };
		B69EFC7E1CEB293100A20F20 /* poi_3.png in Resources */ = {isa = PBXBuildFile; fileRef = B69EFC7B1CEB293100A20F20 /* poi_3.png */; };
		B69EFC801CEB2B8500A20F20 /* test.png in Resources */ = {isa = PBXBuildFile; fileRef = B69EFC7F1CEB2B8500A20F20 /* test.png */; };
		B6B9BC171CE9BF7400F4BEB1 /* MapListViewController.swift in Sources */ = {isa = PBXBuildFile; fileRef = B6B9BC161CE9BF7400F4BEB1 /* MapListViewController.swift */; };
		B6BFF33B1CC12F1500141A93 /* AppDelegate.swift in Sources */ = {isa = PBXBuildFile; fileRef = B6BFF33A1CC12F1500141A93 /* AppDelegate.swift */; };
		B6BFF3401CC12F1500141A93 /* Main.storyboard in Resources */ = {isa = PBXBuildFile; fileRef = B6BFF33E1CC12F1500141A93 /* Main.storyboard */; };
		B6BFF3421CC12F1500141A93 /* Assets.xcassets in Resources */ = {isa = PBXBuildFile; fileRef = B6BFF3411CC12F1500141A93 /* Assets.xcassets */; };
		B6BFF3451CC12F1500141A93 /* LaunchScreen.storyboard in Resources */ = {isa = PBXBuildFile; fileRef = B6BFF3431CC12F1500141A93 /* LaunchScreen.storyboard */; };
		B6BFF3501CC12F1600141A93 /* iOSComponentTests.swift in Sources */ = {isa = PBXBuildFile; fileRef = B6BFF34F1CC12F1600141A93 /* iOSComponentTests.swift */; };
		B6BFF35B1CC12F1600141A93 /* iOSComponentUITests.swift in Sources */ = {isa = PBXBuildFile; fileRef = B6BFF35A1CC12F1600141A93 /* iOSComponentUITests.swift */; };
		B6CA66171CE4B19C00306E25 /* CoreTextCTLineDraw.swift in Sources */ = {isa = PBXBuildFile; fileRef = B6CA66161CE4B19C00306E25 /* CoreTextCTLineDraw.swift */; };
		B6CFA63E1CF5590D0074412B /* SunRefresh.swift in Sources */ = {isa = PBXBuildFile; fileRef = B6CFA63D1CF5590D0074412B /* SunRefresh.swift */; };
		B6CFA6401CF58B210074412B /* EventBox.swift in Sources */ = {isa = PBXBuildFile; fileRef = B6CFA63F1CF58B210074412B /* EventBox.swift */; };
		B6CFA6421CF5DFD50074412B /* AutoBoxingAndUnboxingUtil.swift in Sources */ = {isa = PBXBuildFile; fileRef = B6CFA6411CF5DFD50074412B /* AutoBoxingAndUnboxingUtil.swift */; };
		B6DD9B1B1CED5E0A004B16EE /* RouteAnnotation.swift in Sources */ = {isa = PBXBuildFile; fileRef = B6DD9B1A1CED5E0A004B16EE /* RouteAnnotation.swift */; };
		B6DD9B1D1CED9CF0004B16EE /* BusLineSearchVC.swift in Sources */ = {isa = PBXBuildFile; fileRef = B6DD9B1C1CED9CF0004B16EE /* BusLineSearchVC.swift */; };
		B6DD9B1F1CEDB9EB004B16EE /* DistrictSearchDemoVC.swift in Sources */ = {isa = PBXBuildFile; fileRef = B6DD9B1E1CEDB9EB004B16EE /* DistrictSearchDemoVC.swift */; };
		B6DD9B211CEDC6E9004B16EE /* SuggestionSearchDemoVC.swift in Sources */ = {isa = PBXBuildFile; fileRef = B6DD9B201CEDC6E9004B16EE /* SuggestionSearchDemoVC.swift */; };
		B6E336D31CCA3E4B0028CE37 /* ControlViewController.swift in Sources */ = {isa = PBXBuildFile; fileRef = B6E336D21CCA3E4B0028CE37 /* ControlViewController.swift */; };
		B6E336D51CCA3F390028CE37 /* control.storyboard in Resources */ = {isa = PBXBuildFile; fileRef = B6E336D41CCA3F390028CE37 /* control.storyboard */; };
		B6E336D81CCA3FD60028CE37 /* SunLabel.swift in Sources */ = {isa = PBXBuildFile; fileRef = B6E336D71CCA3FD60028CE37 /* SunLabel.swift */; };
		B6E336DA1CCA42940028CE37 /* SunLableViewControlelr.swift in Sources */ = {isa = PBXBuildFile; fileRef = B6E336D91CCA42940028CE37 /* SunLableViewControlelr.swift */; };
		B6E336E01CCB1F400028CE37 /* SunFPSLabel.swift in Sources */ = {isa = PBXBuildFile; fileRef = B6E336DF1CCB1F400028CE37 /* SunFPSLabel.swift */; };
		B6E336E21CCB92910028CE37 /* Constant.swift in Sources */ = {isa = PBXBuildFile; fileRef = B6E336E11CCB92910028CE37 /* Constant.swift */; };
		B6E761F41CEC697300AB81AD /* RouteSearchDemoVC.swift in Sources */ = {isa = PBXBuildFile; fileRef = B6E761F31CEC697300AB81AD /* RouteSearchDemoVC.swift */; };
		B6E819C31CCC8981005090F0 /* CornerRadiusViewController.swift in Sources */ = {isa = PBXBuildFile; fileRef = B6E819C21CCC8981005090F0 /* CornerRadiusViewController.swift */; };
		B6F671011CF3F7C20023C78B /* OptimizeTableViewVC.swift in Sources */ = {isa = PBXBuildFile; fileRef = B6F671001CF3F7C20023C78B /* OptimizeTableViewVC.swift */; };
		B6F671041CF448BF0023C78B /* CommonUtil.swift in Sources */ = {isa = PBXBuildFile; fileRef = B6F671021CF448BF0023C78B /* CommonUtil.swift */; };
		B6F671051CF448BF0023C78B /* ConvertUtil.swift in Sources */ = {isa = PBXBuildFile; fileRef = B6F671031CF448BF0023C78B /* ConvertUtil.swift */; };
		B6F671081CF459E40023C78B /* TipsVCList.swift in Sources */ = {isa = PBXBuildFile; fileRef = B6F671071CF459E40023C78B /* TipsVCList.swift */; };
		B6F6710A1CF45AD40023C78B /* tips.storyboard in Resources */ = {isa = PBXBuildFile; fileRef = B6F671091CF45AD40023C78B /* tips.storyboard */; };
		B6F6710C1CF45B7F0023C78B /* CommentDegreeShowVC.swift in Sources */ = {isa = PBXBuildFile; fileRef = B6F6710B1CF45B7F0023C78B /* CommentDegreeShowVC.swift */; };
		B6F6710E1CF45D3B0023C78B /* CommentDegreeShowView.swift in Sources */ = {isa = PBXBuildFile; fileRef = B6F6710D1CF45D3B0023C78B /* CommentDegreeShowView.swift */; };
		B6FA0D481CE47F44005745B0 /* config.xml in Resources */ = {isa = PBXBuildFile; fileRef = B6FA0D471CE47F44005745B0 /* config.xml */; };
/* End PBXBuildFile section */

/* Begin PBXContainerItemProxy section */
		B6BFF34C1CC12F1600141A93 /* PBXContainerItemProxy */ = {
			isa = PBXContainerItemProxy;
			containerPortal = B6BFF32F1CC12F1500141A93 /* Project object */;
			proxyType = 1;
			remoteGlobalIDString = B6BFF3361CC12F1500141A93;
			remoteInfo = iOSComponent;
		};
		B6BFF3571CC12F1600141A93 /* PBXContainerItemProxy */ = {
			isa = PBXContainerItemProxy;
			containerPortal = B6BFF32F1CC12F1500141A93 /* Project object */;
			proxyType = 1;
			remoteGlobalIDString = B6BFF3361CC12F1500141A93;
			remoteInfo = iOSComponent;
		};
/* End PBXContainerItemProxy section */

/* Begin PBXFileReference section */
		B61872951CC1383400878EDE /* BaseViewController.swift */ = {isa = PBXFileReference; fileEncoding = 4; lastKnownFileType = sourcecode.swift; path = BaseViewController.swift; sourceTree = "<group>"; };
		B61872971CC13BD200878EDE /* BaseGroupTableViewController.swift */ = {isa = PBXFileReference; fileEncoding = 4; lastKnownFileType = sourcecode.swift; path = BaseGroupTableViewController.swift; sourceTree = "<group>"; };
		B61872991CC13EFF00878EDE /* SubjectViewController.swift */ = {isa = PBXFileReference; fileEncoding = 4; lastKnownFileType = sourcecode.swift; path = SubjectViewController.swift; sourceTree = "<group>"; };
		B618729B1CC144B700878EDE /* subject.storyboard */ = {isa = PBXFileReference; fileEncoding = 4; lastKnownFileType = file.storyboard; path = subject.storyboard; sourceTree = "<group>"; };
		B618729E1CC1463F00878EDE /* ResponderChainViewController.swift */ = {isa = PBXFileReference; fileEncoding = 4; lastKnownFileType = sourcecode.swift; path = ResponderChainViewController.swift; sourceTree = "<group>"; };
		B61872A01CC1470C00878EDE /* BaseNavigationController.swift */ = {isa = PBXFileReference; fileEncoding = 4; lastKnownFileType = sourcecode.swift; path = BaseNavigationController.swift; sourceTree = "<group>"; };
		B6296D671CE32E6A00492C1B /* CoreTextPlainVC.swift */ = {isa = PBXFileReference; fileEncoding = 4; lastKnownFileType = sourcecode.swift; path = CoreTextPlainVC.swift; sourceTree = "<group>"; };
		B6296D691CE32F5400492C1B /* BasePlainTableViewController.swift */ = {isa = PBXFileReference; fileEncoding = 4; lastKnownFileType = sourcecode.swift; path = BasePlainTableViewController.swift; sourceTree = "<group>"; };
		B6296D6B1CE37ACC00492C1B /* CoreTextPictureVC.swift */ = {isa = PBXFileReference; fileEncoding = 4; lastKnownFileType = sourcecode.swift; path = CoreTextPictureVC.swift; sourceTree = "<group>"; };
		B634BE131CCE5159008C26CB /* CoreTextViewController.swift */ = {isa = PBXFileReference; fileEncoding = 4; lastKnownFileType = sourcecode.swift; path = CoreTextViewController.swift; sourceTree = "<group>"; };
		B64BEE231CF92ED300482407 /* Transaction.swift */ = {isa = PBXFileReference; fileEncoding = 4; lastKnownFileType = sourcecode.swift; path = Transaction.swift; sourceTree = "<group>"; };
		B64BEE261CF93A9E00482407 /* ChatVC.swift */ = {isa = PBXFileReference; fileEncoding = 4; lastKnownFileType = sourcecode.swift; path = ChatVC.swift; sourceTree = "<group>"; };
		B657CB601CC6552C00EE506F /* LinkedImplementsViewController.swift */ = {isa = PBXFileReference; fileEncoding = 4; lastKnownFileType = sourcecode.swift; path = LinkedImplementsViewController.swift; sourceTree = "<group>"; };
		B657CB631CC656B300EE506F /* GCDdayDreamViewController.swift */ = {isa = PBXFileReference; fileEncoding = 4; lastKnownFileType = sourcecode.swift; path = GCDdayDreamViewController.swift; sourceTree = "<group>"; };
		B65B7DC01CEC0D3100F1E072 /* PoiSearchDemoVC.swift */ = {isa = PBXFileReference; fileEncoding = 4; lastKnownFileType = sourcecode.swift; path = PoiSearchDemoVC.swift; sourceTree = "<group>"; };
		B65B7DC21CEC4C9400F1E072 /* GeocodeDemoVC.swift */ = {isa = PBXFileReference; fileEncoding = 4; lastKnownFileType = sourcecode.swift; path = GeocodeDemoVC.swift; sourceTree = "<group>"; };
		B664FD211CEF459800E88088 /* LYPullRefreshScrollView.swift */ = {isa = PBXFileReference; fileEncoding = 4; lastKnownFileType = sourcecode.swift; path = LYPullRefreshScrollView.swift; sourceTree = "<group>"; };
		B68709F81CC5E7C60012345F /* iOSComponent-Bridging-Header.h */ = {isa = PBXFileReference; lastKnownFileType = sourcecode.c.h; path = "iOSComponent-Bridging-Header.h"; sourceTree = "<group>"; };
		B68709FC1CC60D490012345F /* SQLiteDBUtil.swift */ = {isa = PBXFileReference; fileEncoding = 4; lastKnownFileType = sourcecode.swift; path = SQLiteDBUtil.swift; sourceTree = "<group>"; };
		B696347A1CDEEEC6009D6188 /* CoreGraphicsViewController.swift */ = {isa = PBXFileReference; fileEncoding = 4; lastKnownFileType = sourcecode.swift; path = CoreGraphicsViewController.swift; sourceTree = "<group>"; };
		B696347D1CDF3892009D6188 /* SunLayer.swift */ = {isa = PBXFileReference; fileEncoding = 4; lastKnownFileType = sourcecode.swift; path = SunLayer.swift; sourceTree = "<group>"; };
		B696347F1CE024B2009D6188 /* CoreGraphics.framework */ = {isa = PBXFileReference; lastKnownFileType = wrapper.framework; name = CoreGraphics.framework; path = System/Library/Frameworks/CoreGraphics.framework; sourceTree = SDKROOT; };
		B69EFC3F1CEAB02D00A20F20 /* BaiduMapAPI_Base.framework */ = {isa = PBXFileReference; lastKnownFileType = wrapper.framework; path = BaiduMapAPI_Base.framework; sourceTree = "<group>"; };
		B69EFC401CEAB02D00A20F20 /* BaiduMapAPI_Cloud.framework */ = {isa = PBXFileReference; lastKnownFileType = wrapper.framework; path = BaiduMapAPI_Cloud.framework; sourceTree = "<group>"; };
		B69EFC411CEAB02D00A20F20 /* BaiduMapAPI_Location.framework */ = {isa = PBXFileReference; lastKnownFileType = wrapper.framework; path = BaiduMapAPI_Location.framework; sourceTree = "<group>"; };
		B69EFC421CEAB02D00A20F20 /* BaiduMapAPI_Map.framework */ = {isa = PBXFileReference; lastKnownFileType = wrapper.framework; path = BaiduMapAPI_Map.framework; sourceTree = "<group>"; };
		B69EFC431CEAB02D00A20F20 /* BaiduMapAPI_Radar.framework */ = {isa = PBXFileReference; lastKnownFileType = wrapper.framework; path = BaiduMapAPI_Radar.framework; sourceTree = "<group>"; };
		B69EFC441CEAB02D00A20F20 /* BaiduMapAPI_Search.framework */ = {isa = PBXFileReference; lastKnownFileType = wrapper.framework; path = BaiduMapAPI_Search.framework; sourceTree = "<group>"; };
		B69EFC451CEAB02D00A20F20 /* BaiduMapAPI_Utils.framework */ = {isa = PBXFileReference; lastKnownFileType = wrapper.framework; path = BaiduMapAPI_Utils.framework; sourceTree = "<group>"; };
		B69EFC4D1CEAB06300A20F20 /* QuartzCore.framework */ = {isa = PBXFileReference; lastKnownFileType = wrapper.framework; name = QuartzCore.framework; path = System/Library/Frameworks/QuartzCore.framework; sourceTree = SDKROOT; };
		B69EFC4F1CEAB07200A20F20 /* OpenGLES.framework */ = {isa = PBXFileReference; lastKnownFileType = wrapper.framework; name = OpenGLES.framework; path = System/Library/Frameworks/OpenGLES.framework; sourceTree = SDKROOT; };
		B69EFC511CEAB07D00A20F20 /* SystemConfiguration.framework */ = {isa = PBXFileReference; lastKnownFileType = wrapper.framework; name = SystemConfiguration.framework; path = System/Library/Frameworks/SystemConfiguration.framework; sourceTree = SDKROOT; };
		B69EFC531CEAB08F00A20F20 /* CoreLocation.framework */ = {isa = PBXFileReference; lastKnownFileType = wrapper.framework; name = CoreLocation.framework; path = System/Library/Frameworks/CoreLocation.framework; sourceTree = SDKROOT; };
		B69EFC551CEAB0A000A20F20 /* Security.framework */ = {isa = PBXFileReference; lastKnownFileType = wrapper.framework; name = Security.framework; path = System/Library/Frameworks/Security.framework; sourceTree = SDKROOT; };
		B69EFC571CEAB0B300A20F20 /* libsqlite3.0.tbd */ = {isa = PBXFileReference; lastKnownFileType = "sourcecode.text-based-dylib-definition"; name = libsqlite3.0.tbd; path = usr/lib/libsqlite3.0.tbd; sourceTree = SDKROOT; };
		B69EFC591CEAB0C100A20F20 /* CoreTelephony.framework */ = {isa = PBXFileReference; lastKnownFileType = wrapper.framework; name = CoreTelephony.framework; path = System/Library/Frameworks/CoreTelephony.framework; sourceTree = SDKROOT; };
		B69EFC5B1CEAB0D500A20F20 /* libstdc++.6.0.9.tbd */ = {isa = PBXFileReference; lastKnownFileType = "sourcecode.text-based-dylib-definition"; name = "libstdc++.6.0.9.tbd"; path = "usr/lib/libstdc++.6.0.9.tbd"; sourceTree = SDKROOT; };
		B69EFC5E1CEAB57900A20F20 /* mapapi.bundle */ = {isa = PBXFileReference; lastKnownFileType = "wrapper.plug-in"; path = mapapi.bundle; sourceTree = "<group>"; };
		B69EFC601CEABDCF00A20F20 /* MapViewBaseDemoVC.swift */ = {isa = PBXFileReference; fileEncoding = 4; lastKnownFileType = sourcecode.swift; path = MapViewBaseDemoVC.swift; sourceTree = "<group>"; };
		B69EFC621CEAF28900A20F20 /* MultiMapViewDemoVC.swift */ = {isa = PBXFileReference; fileEncoding = 4; lastKnownFileType = sourcecode.swift; path = MultiMapViewDemoVC.swift; sourceTree = "<group>"; };
		B69EFC641CEB021500A20F20 /* AnnotationDemoVC.swift */ = {isa = PBXFileReference; fileEncoding = 4; lastKnownFileType = sourcecode.swift; path = AnnotationDemoVC.swift; sourceTree = "<group>"; };
		B69EFC671CEB057F00A20F20 /* SWXMLHash+TypeConversion.swift */ = {isa = PBXFileReference; fileEncoding = 4; lastKnownFileType = sourcecode.swift; path = "SWXMLHash+TypeConversion.swift"; sourceTree = "<group>"; };
		B69EFC681CEB057F00A20F20 /* SWXMLHash.h */ = {isa = PBXFileReference; fileEncoding = 4; lastKnownFileType = sourcecode.c.h; path = SWXMLHash.h; sourceTree = "<group>"; };
		B69EFC691CEB057F00A20F20 /* SWXMLHash.swift */ = {isa = PBXFileReference; fileEncoding = 4; lastKnownFileType = sourcecode.swift; path = SWXMLHash.swift; sourceTree = "<group>"; };
		B69EFC6E1CEB067800A20F20 /* ColorUtil.swift */ = {isa = PBXFileReference; fileEncoding = 4; lastKnownFileType = sourcecode.swift; path = ColorUtil.swift; sourceTree = "<group>"; };
		B69EFC701CEB069500A20F20 /* Config.swift */ = {isa = PBXFileReference; fileEncoding = 4; lastKnownFileType = sourcecode.swift; path = Config.swift; sourceTree = "<group>"; };
		B69EFC721CEB071200A20F20 /* Application.swift */ = {isa = PBXFileReference; fileEncoding = 4; lastKnownFileType = sourcecode.swift; path = Application.swift; sourceTree = "<group>"; };
		B69EFC741CEB1C3E00A20F20 /* texture_arrow.png */ = {isa = PBXFileReference; lastKnownFileType = image.png; path = texture_arrow.png; sourceTree = "<group>"; };
		B69EFC771CEB28D800A20F20 /* AnimatedAnnotationView.swift */ = {isa = PBXFileReference; fileEncoding = 4; lastKnownFileType = sourcecode.swift; path = AnimatedAnnotationView.swift; sourceTree = "<group>"; };
		B69EFC791CEB293100A20F20 /* poi_1.png */ = {isa = PBXFileReference; lastKnownFileType = image.png; path = poi_1.png; sourceTree = "<group>"; };
		B69EFC7A1CEB293100A20F20 /* poi_2.png */ = {isa = PBXFileReference; lastKnownFileType = image.png; path = poi_2.png; sourceTree = "<group>"; };
		B69EFC7B1CEB293100A20F20 /* poi_3.png */ = {isa = PBXFileReference; lastKnownFileType = image.png; path = poi_3.png; sourceTree = "<group>"; };
		B69EFC7F1CEB2B8500A20F20 /* test.png */ = {isa = PBXFileReference; lastKnownFileType = image.png; path = test.png; sourceTree = "<group>"; };
		B6B9BC161CE9BF7400F4BEB1 /* MapListViewController.swift */ = {isa = PBXFileReference; fileEncoding = 4; lastKnownFileType = sourcecode.swift; path = MapListViewController.swift; sourceTree = "<group>"; };
		B6BFF3371CC12F1500141A93 /* iOSComponent.app */ = {isa = PBXFileReference; explicitFileType = wrapper.application; includeInIndex = 0; path = iOSComponent.app; sourceTree = BUILT_PRODUCTS_DIR; };
		B6BFF33A1CC12F1500141A93 /* AppDelegate.swift */ = {isa = PBXFileReference; lastKnownFileType = sourcecode.swift; path = AppDelegate.swift; sourceTree = "<group>"; };
		B6BFF33F1CC12F1500141A93 /* Base */ = {isa = PBXFileReference; lastKnownFileType = file.storyboard; name = Base; path = Base.lproj/Main.storyboard; sourceTree = "<group>"; };
		B6BFF3411CC12F1500141A93 /* Assets.xcassets */ = {isa = PBXFileReference; lastKnownFileType = folder.assetcatalog; path = Assets.xcassets; sourceTree = "<group>"; };
		B6BFF3441CC12F1500141A93 /* Base */ = {isa = PBXFileReference; lastKnownFileType = file.storyboard; name = Base; path = Base.lproj/LaunchScreen.storyboard; sourceTree = "<group>"; };
		B6BFF3461CC12F1500141A93 /* Info.plist */ = {isa = PBXFileReference; lastKnownFileType = text.plist.xml; path = Info.plist; sourceTree = "<group>"; };
		B6BFF34B1CC12F1600141A93 /* iOSComponentTests.xctest */ = {isa = PBXFileReference; explicitFileType = wrapper.cfbundle; includeInIndex = 0; path = iOSComponentTests.xctest; sourceTree = BUILT_PRODUCTS_DIR; };
		B6BFF34F1CC12F1600141A93 /* iOSComponentTests.swift */ = {isa = PBXFileReference; lastKnownFileType = sourcecode.swift; path = iOSComponentTests.swift; sourceTree = "<group>"; };
		B6BFF3511CC12F1600141A93 /* Info.plist */ = {isa = PBXFileReference; lastKnownFileType = text.plist.xml; path = Info.plist; sourceTree = "<group>"; };
		B6BFF3561CC12F1600141A93 /* iOSComponentUITests.xctest */ = {isa = PBXFileReference; explicitFileType = wrapper.cfbundle; includeInIndex = 0; path = iOSComponentUITests.xctest; sourceTree = BUILT_PRODUCTS_DIR; };
		B6BFF35A1CC12F1600141A93 /* iOSComponentUITests.swift */ = {isa = PBXFileReference; lastKnownFileType = sourcecode.swift; path = iOSComponentUITests.swift; sourceTree = "<group>"; };
		B6BFF35C1CC12F1600141A93 /* Info.plist */ = {isa = PBXFileReference; lastKnownFileType = text.plist.xml; path = Info.plist; sourceTree = "<group>"; };
		B6CA66161CE4B19C00306E25 /* CoreTextCTLineDraw.swift */ = {isa = PBXFileReference; fileEncoding = 4; lastKnownFileType = sourcecode.swift; path = CoreTextCTLineDraw.swift; sourceTree = "<group>"; };
		B6CFA63D1CF5590D0074412B /* SunRefresh.swift */ = {isa = PBXFileReference; fileEncoding = 4; lastKnownFileType = sourcecode.swift; path = SunRefresh.swift; sourceTree = "<group>"; };
		B6CFA63F1CF58B210074412B /* EventBox.swift */ = {isa = PBXFileReference; fileEncoding = 4; lastKnownFileType = sourcecode.swift; path = EventBox.swift; sourceTree = "<group>"; };
		B6CFA6411CF5DFD50074412B /* AutoBoxingAndUnboxingUtil.swift */ = {isa = PBXFileReference; fileEncoding = 4; lastKnownFileType = sourcecode.swift; path = AutoBoxingAndUnboxingUtil.swift; sourceTree = "<group>"; };
		B6DD9B1A1CED5E0A004B16EE /* RouteAnnotation.swift */ = {isa = PBXFileReference; fileEncoding = 4; lastKnownFileType = sourcecode.swift; path = RouteAnnotation.swift; sourceTree = "<group>"; };
		B6DD9B1C1CED9CF0004B16EE /* BusLineSearchVC.swift */ = {isa = PBXFileReference; fileEncoding = 4; lastKnownFileType = sourcecode.swift; path = BusLineSearchVC.swift; sourceTree = "<group>"; };
		B6DD9B1E1CEDB9EB004B16EE /* DistrictSearchDemoVC.swift */ = {isa = PBXFileReference; fileEncoding = 4; lastKnownFileType = sourcecode.swift; path = DistrictSearchDemoVC.swift; sourceTree = "<group>"; };
		B6DD9B201CEDC6E9004B16EE /* SuggestionSearchDemoVC.swift */ = {isa = PBXFileReference; fileEncoding = 4; lastKnownFileType = sourcecode.swift; path = SuggestionSearchDemoVC.swift; sourceTree = "<group>"; };
		B6E336D21CCA3E4B0028CE37 /* ControlViewController.swift */ = {isa = PBXFileReference; fileEncoding = 4; lastKnownFileType = sourcecode.swift; path = ControlViewController.swift; sourceTree = "<group>"; };
		B6E336D41CCA3F390028CE37 /* control.storyboard */ = {isa = PBXFileReference; fileEncoding = 4; lastKnownFileType = file.storyboard; path = control.storyboard; sourceTree = "<group>"; };
		B6E336D71CCA3FD60028CE37 /* SunLabel.swift */ = {isa = PBXFileReference; fileEncoding = 4; lastKnownFileType = sourcecode.swift; path = SunLabel.swift; sourceTree = "<group>"; };
		B6E336D91CCA42940028CE37 /* SunLableViewControlelr.swift */ = {isa = PBXFileReference; fileEncoding = 4; lastKnownFileType = sourcecode.swift; path = SunLableViewControlelr.swift; sourceTree = "<group>"; };
		B6E336DF1CCB1F400028CE37 /* SunFPSLabel.swift */ = {isa = PBXFileReference; fileEncoding = 4; lastKnownFileType = sourcecode.swift; path = SunFPSLabel.swift; sourceTree = "<group>"; };
		B6E336E11CCB92910028CE37 /* Constant.swift */ = {isa = PBXFileReference; fileEncoding = 4; lastKnownFileType = sourcecode.swift; path = Constant.swift; sourceTree = "<group>"; };
		B6E761F31CEC697300AB81AD /* RouteSearchDemoVC.swift */ = {isa = PBXFileReference; fileEncoding = 4; lastKnownFileType = sourcecode.swift; path = RouteSearchDemoVC.swift; sourceTree = "<group>"; };
		B6E819C21CCC8981005090F0 /* CornerRadiusViewController.swift */ = {isa = PBXFileReference; fileEncoding = 4; lastKnownFileType = sourcecode.swift; path = CornerRadiusViewController.swift; sourceTree = "<group>"; };
		B6F671001CF3F7C20023C78B /* OptimizeTableViewVC.swift */ = {isa = PBXFileReference; fileEncoding = 4; lastKnownFileType = sourcecode.swift; path = OptimizeTableViewVC.swift; sourceTree = "<group>"; };
		B6F671021CF448BF0023C78B /* CommonUtil.swift */ = {isa = PBXFileReference; fileEncoding = 4; lastKnownFileType = sourcecode.swift; path = CommonUtil.swift; sourceTree = "<group>"; };
		B6F671031CF448BF0023C78B /* ConvertUtil.swift */ = {isa = PBXFileReference; fileEncoding = 4; lastKnownFileType = sourcecode.swift; path = ConvertUtil.swift; sourceTree = "<group>"; };
		B6F671071CF459E40023C78B /* TipsVCList.swift */ = {isa = PBXFileReference; fileEncoding = 4; lastKnownFileType = sourcecode.swift; path = TipsVCList.swift; sourceTree = "<group>"; };
		B6F671091CF45AD40023C78B /* tips.storyboard */ = {isa = PBXFileReference; fileEncoding = 4; lastKnownFileType = file.storyboard; path = tips.storyboard; sourceTree = "<group>"; };
		B6F6710B1CF45B7F0023C78B /* CommentDegreeShowVC.swift */ = {isa = PBXFileReference; fileEncoding = 4; lastKnownFileType = sourcecode.swift; path = CommentDegreeShowVC.swift; sourceTree = "<group>"; };
		B6F6710D1CF45D3B0023C78B /* CommentDegreeShowView.swift */ = {isa = PBXFileReference; fileEncoding = 4; lastKnownFileType = sourcecode.swift; path = CommentDegreeShowView.swift; sourceTree = "<group>"; };
		B6FA0D471CE47F44005745B0 /* config.xml */ = {isa = PBXFileReference; fileEncoding = 4; lastKnownFileType = text.xml; path = config.xml; sourceTree = "<group>"; };
/* End PBXFileReference section */

/* Begin PBXFrameworksBuildPhase section */
		B6BFF3341CC12F1500141A93 /* Frameworks */ = {
			isa = PBXFrameworksBuildPhase;
			buildActionMask = 2147483647;
			files = (
				B69EFC5C1CEAB0D500A20F20 /* libstdc++.6.0.9.tbd in Frameworks */,
				B69EFC5A1CEAB0C100A20F20 /* CoreTelephony.framework in Frameworks */,
				B69EFC581CEAB0B300A20F20 /* libsqlite3.0.tbd in Frameworks */,
				B69EFC561CEAB0A000A20F20 /* Security.framework in Frameworks */,
				B69EFC541CEAB08F00A20F20 /* CoreLocation.framework in Frameworks */,
				B69EFC521CEAB07D00A20F20 /* SystemConfiguration.framework in Frameworks */,
				B69EFC501CEAB07200A20F20 /* OpenGLES.framework in Frameworks */,
				B69EFC4E1CEAB06300A20F20 /* QuartzCore.framework in Frameworks */,
				B69634801CE024B2009D6188 /* CoreGraphics.framework in Frameworks */,
				B69EFC4A1CEAB02D00A20F20 /* BaiduMapAPI_Radar.framework in Frameworks */,
				B69EFC461CEAB02D00A20F20 /* BaiduMapAPI_Base.framework in Frameworks */,
				B69EFC471CEAB02D00A20F20 /* BaiduMapAPI_Cloud.framework in Frameworks */,
				B69EFC4C1CEAB02D00A20F20 /* BaiduMapAPI_Utils.framework in Frameworks */,
				B69EFC491CEAB02D00A20F20 /* BaiduMapAPI_Map.framework in Frameworks */,
				B69EFC481CEAB02D00A20F20 /* BaiduMapAPI_Location.framework in Frameworks */,
				B69EFC4B1CEAB02D00A20F20 /* BaiduMapAPI_Search.framework in Frameworks */,
			);
			runOnlyForDeploymentPostprocessing = 0;
		};
		B6BFF3481CC12F1600141A93 /* Frameworks */ = {
			isa = PBXFrameworksBuildPhase;
			buildActionMask = 2147483647;
			files = (
			);
			runOnlyForDeploymentPostprocessing = 0;
		};
		B6BFF3531CC12F1600141A93 /* Frameworks */ = {
			isa = PBXFrameworksBuildPhase;
			buildActionMask = 2147483647;
			files = (
			);
			runOnlyForDeploymentPostprocessing = 0;
		};
/* End PBXFrameworksBuildPhase section */

/* Begin PBXGroup section */
		B618728D1CC1308D00878EDE /* control */ = {
			isa = PBXGroup;
			children = (
				B6F670FC1CF3F5D50023C78B /* UITableView */,
				B664FD201CEF457900E88088 /* UIScrollView */,
				B6E336D61CCA3FBD0028CE37 /* sunLabel */,
				B6E336D21CCA3E4B0028CE37 /* ControlViewController.swift */,
			);
			path = control;
			sourceTree = "<group>";
		};
		B618728E1CC1308D00878EDE /* subject */ = {
			isa = PBXGroup;
			children = (
				B6B9BC151CE9BF4A00F4BEB1 /* Map */,
				B69634791CDEEEB0009D6188 /* CoreGraphics */,
				B634BE121CCE5147008C26CB /* CoreText */,
				B6E819C11CCC896C005090F0 /* CornerRadius */,
				B657CB621CC6560B00EE506F /* GCDdayDream */,
				B657CB5F1CC6552C00EE506F /* LRU */,
				B618729D1CC1462A00878EDE /* responderChain */,
				B61872991CC13EFF00878EDE /* SubjectViewController.swift */,
			);
			path = subject;
			sourceTree = "<group>";
		};
		B61872901CC1382200878EDE /* base */ = {
			isa = PBXGroup;
			children = (
				B61872951CC1383400878EDE /* BaseViewController.swift */,
				B61872A01CC1470C00878EDE /* BaseNavigationController.swift */,
				B61872971CC13BD200878EDE /* BaseGroupTableViewController.swift */,
				B6296D691CE32F5400492C1B /* BasePlainTableViewController.swift */,
			);
			path = base;
			sourceTree = "<group>";
		};
		B618729D1CC1462A00878EDE /* responderChain */ = {
			isa = PBXGroup;
			children = (
				B618729E1CC1463F00878EDE /* ResponderChainViewController.swift */,
			);
			path = responderChain;
			sourceTree = "<group>";
		};
		B61E6A601CF3E931008C99D4 /* component */ = {
			isa = PBXGroup;
			children = (
				B6F6710D1CF45D3B0023C78B /* CommentDegreeShowView.swift */,
				B6CFA63D1CF5590D0074412B /* SunRefresh.swift */,
				B6CFA63F1CF58B210074412B /* EventBox.swift */,
				B6CFA6411CF5DFD50074412B /* AutoBoxingAndUnboxingUtil.swift */,
				B64BEE231CF92ED300482407 /* Transaction.swift */,
			);
			path = component;
			sourceTree = "<group>";
		};
		B634BE121CCE5147008C26CB /* CoreText */ = {
			isa = PBXGroup;
			children = (
				B634BE131CCE5159008C26CB /* CoreTextViewController.swift */,
				B6296D671CE32E6A00492C1B /* CoreTextPlainVC.swift */,
				B6296D6B1CE37ACC00492C1B /* CoreTextPictureVC.swift */,
				B6CA66161CE4B19C00306E25 /* CoreTextCTLineDraw.swift */,
			);
			path = CoreText;
			sourceTree = "<group>";
		};
		B64BEE251CF93A8D00482407 /* chat */ = {
			isa = PBXGroup;
			children = (
				B64BEE261CF93A9E00482407 /* ChatVC.swift */,
			);
			path = chat;
			sourceTree = "<group>";
		};
		B657CB5F1CC6552C00EE506F /* LRU */ = {
			isa = PBXGroup;
			children = (
				B657CB601CC6552C00EE506F /* LinkedImplementsViewController.swift */,
			);
			path = LRU;
			sourceTree = "<group>";
		};
		B657CB621CC6560B00EE506F /* GCDdayDream */ = {
			isa = PBXGroup;
			children = (
				B657CB631CC656B300EE506F /* GCDdayDreamViewController.swift */,
			);
			path = GCDdayDream;
			sourceTree = "<group>";
		};
		B664FD201CEF457900E88088 /* UIScrollView */ = {
			isa = PBXGroup;
			children = (
				B664FD211CEF459800E88088 /* LYPullRefreshScrollView.swift */,
			);
			path = UIScrollView;
			sourceTree = "<group>";
		};
		B68709F71CC5E7A70012345F /* libs */ = {
			isa = PBXGroup;
			children = (
				B69EFC661CEB057F00A20F20 /* SWXMLHash */,
				B69EFC3E1CEAB02D00A20F20 /* BaiduMap */,
				B68709F81CC5E7C60012345F /* iOSComponent-Bridging-Header.h */,
				B68709FC1CC60D490012345F /* SQLiteDBUtil.swift */,
			);
			path = libs;
			sourceTree = "<group>";
		};
		B69634791CDEEEB0009D6188 /* CoreGraphics */ = {
			isa = PBXGroup;
			children = (
				B696347A1CDEEEC6009D6188 /* CoreGraphicsViewController.swift */,
			);
			path = CoreGraphics;
			sourceTree = "<group>";
		};
		B696347C1CDF3877009D6188 /* SUNLayer */ = {
			isa = PBXGroup;
			children = (
				B696347D1CDF3892009D6188 /* SunLayer.swift */,
			);
			path = SUNLayer;
			sourceTree = "<group>";
		};
		B69EFC3E1CEAB02D00A20F20 /* BaiduMap */ = {
			isa = PBXGroup;
			children = (
				B69EFC5D1CEAB57900A20F20 /* Resources */,
				B69EFC3F1CEAB02D00A20F20 /* BaiduMapAPI_Base.framework */,
				B69EFC401CEAB02D00A20F20 /* BaiduMapAPI_Cloud.framework */,
				B69EFC411CEAB02D00A20F20 /* BaiduMapAPI_Location.framework */,
				B69EFC421CEAB02D00A20F20 /* BaiduMapAPI_Map.framework */,
				B69EFC431CEAB02D00A20F20 /* BaiduMapAPI_Radar.framework */,
				B69EFC441CEAB02D00A20F20 /* BaiduMapAPI_Search.framework */,
				B69EFC451CEAB02D00A20F20 /* BaiduMapAPI_Utils.framework */,
			);
			path = BaiduMap;
			sourceTree = "<group>";
		};
		B69EFC5D1CEAB57900A20F20 /* Resources */ = {
			isa = PBXGroup;
			children = (
				B69EFC5E1CEAB57900A20F20 /* mapapi.bundle */,
			);
			name = Resources;
			path = BaiduMapAPI_Map.framework/Resources;
			sourceTree = "<group>";
		};
		B69EFC661CEB057F00A20F20 /* SWXMLHash */ = {
			isa = PBXGroup;
			children = (
				B69EFC671CEB057F00A20F20 /* SWXMLHash+TypeConversion.swift */,
				B69EFC681CEB057F00A20F20 /* SWXMLHash.h */,
				B69EFC691CEB057F00A20F20 /* SWXMLHash.swift */,
			);
			path = SWXMLHash;
			sourceTree = "<group>";
		};
		B69EFC6C1CEB063D00A20F20 /* public */ = {
			isa = PBXGroup;
			children = (
				B6CFA6431CF690FF0074412B /* extension */,
				B61E6A601CF3E931008C99D4 /* component */,
				B69EFC6D1CEB063D00A20F20 /* util */,
				B69EFC701CEB069500A20F20 /* Config.swift */,
			);
			path = public;
			sourceTree = "<group>";
		};
		B69EFC6D1CEB063D00A20F20 /* util */ = {
			isa = PBXGroup;
			children = (
				B6F671021CF448BF0023C78B /* CommonUtil.swift */,
				B6F671031CF448BF0023C78B /* ConvertUtil.swift */,
				B69EFC6E1CEB067800A20F20 /* ColorUtil.swift */,
			);
			path = util;
			sourceTree = "<group>";
		};
		B69EFC761CEB28CA00A20F20 /* custom */ = {
			isa = PBXGroup;
			children = (
				B69EFC791CEB293100A20F20 /* poi_1.png */,
				B69EFC7A1CEB293100A20F20 /* poi_2.png */,
				B69EFC7B1CEB293100A20F20 /* poi_3.png */,
				B69EFC771CEB28D800A20F20 /* AnimatedAnnotationView.swift */,
				B6DD9B1A1CED5E0A004B16EE /* RouteAnnotation.swift */,
			);
			path = custom;
			sourceTree = "<group>";
		};
		B6B9BC151CE9BF4A00F4BEB1 /* Map */ = {
			isa = PBXGroup;
			children = (
				B69EFC7F1CEB2B8500A20F20 /* test.png */,
				B69EFC761CEB28CA00A20F20 /* custom */,
				B69EFC741CEB1C3E00A20F20 /* texture_arrow.png */,
				B6B9BC161CE9BF7400F4BEB1 /* MapListViewController.swift */,
				B69EFC601CEABDCF00A20F20 /* MapViewBaseDemoVC.swift */,
				B69EFC621CEAF28900A20F20 /* MultiMapViewDemoVC.swift */,
				B69EFC641CEB021500A20F20 /* AnnotationDemoVC.swift */,
				B65B7DC01CEC0D3100F1E072 /* PoiSearchDemoVC.swift */,
				B65B7DC21CEC4C9400F1E072 /* GeocodeDemoVC.swift */,
				B6E761F31CEC697300AB81AD /* RouteSearchDemoVC.swift */,
				B6DD9B1C1CED9CF0004B16EE /* BusLineSearchVC.swift */,
				B6DD9B1E1CEDB9EB004B16EE /* DistrictSearchDemoVC.swift */,
				B6DD9B201CEDC6E9004B16EE /* SuggestionSearchDemoVC.swift */,
			);
			path = Map;
			sourceTree = "<group>";
		};
		B6BFF32E1CC12F1500141A93 = {
			isa = PBXGroup;
			children = (
				B69EFC5B1CEAB0D500A20F20 /* libstdc++.6.0.9.tbd */,
				B69EFC591CEAB0C100A20F20 /* CoreTelephony.framework */,
				B69EFC571CEAB0B300A20F20 /* libsqlite3.0.tbd */,
				B69EFC551CEAB0A000A20F20 /* Security.framework */,
				B69EFC531CEAB08F00A20F20 /* CoreLocation.framework */,
				B69EFC511CEAB07D00A20F20 /* SystemConfiguration.framework */,
				B69EFC4F1CEAB07200A20F20 /* OpenGLES.framework */,
				B69EFC4D1CEAB06300A20F20 /* QuartzCore.framework */,
				B696347F1CE024B2009D6188 /* CoreGraphics.framework */,
				B6BFF3391CC12F1500141A93 /* iOSComponent */,
				B6BFF34E1CC12F1600141A93 /* iOSComponentTests */,
				B6BFF3591CC12F1600141A93 /* iOSComponentUITests */,
				B6BFF3381CC12F1500141A93 /* Products */,
			);
			sourceTree = "<group>";
		};
		B6BFF3381CC12F1500141A93 /* Products */ = {
			isa = PBXGroup;
			children = (
				B6BFF3371CC12F1500141A93 /* iOSComponent.app */,
				B6BFF34B1CC12F1600141A93 /* iOSComponentTests.xctest */,
				B6BFF3561CC12F1600141A93 /* iOSComponentUITests.xctest */,
			);
			name = Products;
			sourceTree = "<group>";
		};
		B6BFF3391CC12F1500141A93 /* iOSComponent */ = {
			isa = PBXGroup;
			children = (
				B64BEE251CF93A8D00482407 /* chat */,
				B6F671061CF459CF0023C78B /* tips */,
				B69EFC6C1CEB063D00A20F20 /* public */,
				B6E336DB1CCB1D790028CE37 /* SUNKit */,
				B68709F71CC5E7A70012345F /* libs */,
				B61872901CC1382200878EDE /* base */,
				B618728D1CC1308D00878EDE /* control */,
				B618728E1CC1308D00878EDE /* subject */,
				B6BFF33A1CC12F1500141A93 /* AppDelegate.swift */,
				B69EFC721CEB071200A20F20 /* Application.swift */,
				B6BFF33E1CC12F1500141A93 /* Main.storyboard */,
				B618729B1CC144B700878EDE /* subject.storyboard */,
				B6E336D41CCA3F390028CE37 /* control.storyboard */,
				B6BFF3411CC12F1500141A93 /* Assets.xcassets */,
				B6BFF3431CC12F1500141A93 /* LaunchScreen.storyboard */,
				B6BFF3461CC12F1500141A93 /* Info.plist */,
				B6FA0D471CE47F44005745B0 /* config.xml */,
				B6F671091CF45AD40023C78B /* tips.storyboard */,
			);
			path = iOSComponent;
			sourceTree = "<group>";
		};
		B6BFF34E1CC12F1600141A93 /* iOSComponentTests */ = {
			isa = PBXGroup;
			children = (
				B6BFF34F1CC12F1600141A93 /* iOSComponentTests.swift */,
				B6BFF3511CC12F1600141A93 /* Info.plist */,
			);
			path = iOSComponentTests;
			sourceTree = "<group>";
		};
		B6BFF3591CC12F1600141A93 /* iOSComponentUITests */ = {
			isa = PBXGroup;
			children = (
				B6BFF35A1CC12F1600141A93 /* iOSComponentUITests.swift */,
				B6BFF35C1CC12F1600141A93 /* Info.plist */,
			);
			path = iOSComponentUITests;
			sourceTree = "<group>";
		};
		B6CFA6431CF690FF0074412B /* extension */ = {
			isa = PBXGroup;
			children = (
			);
			path = extension;
			sourceTree = "<group>";
		};
		B6E336D61CCA3FBD0028CE37 /* sunLabel */ = {
			isa = PBXGroup;
			children = (
				B6E336D71CCA3FD60028CE37 /* SunLabel.swift */,
				B6E336D91CCA42940028CE37 /* SunLableViewControlelr.swift */,
			);
			path = sunLabel;
			sourceTree = "<group>";
		};
		B6E336DB1CCB1D790028CE37 /* SUNKit */ = {
			isa = PBXGroup;
			children = (
				B696347C1CDF3877009D6188 /* SUNLayer */,
				B6E336DE1CCB1F2F0028CE37 /* SunLabel */,
				B6E336E11CCB92910028CE37 /* Constant.swift */,
			);
			path = SUNKit;
			sourceTree = "<group>";
		};
		B6E336DE1CCB1F2F0028CE37 /* SunLabel */ = {
			isa = PBXGroup;
			children = (
				B6E336DF1CCB1F400028CE37 /* SunFPSLabel.swift */,
			);
			path = SunLabel;
			sourceTree = "<group>";
		};
		B6E819C11CCC896C005090F0 /* CornerRadius */ = {
			isa = PBXGroup;
			children = (
				B6E819C21CCC8981005090F0 /* CornerRadiusViewController.swift */,
			);
			path = CornerRadius;
			sourceTree = "<group>";
		};
		B6F670FC1CF3F5D50023C78B /* UITableView */ = {
			isa = PBXGroup;
			children = (
				B6F670FD1CF3F79A0023C78B /* controller */,
				B6F670FE1CF3F79A0023C78B /* model */,
				B6F670FF1CF3F79A0023C78B /* view */,
			);
			path = UITableView;
			sourceTree = "<group>";
		};
		B6F670FD1CF3F79A0023C78B /* controller */ = {
			isa = PBXGroup;
			children = (
				B6F671001CF3F7C20023C78B /* OptimizeTableViewVC.swift */,
			);
			path = controller;
			sourceTree = "<group>";
		};
		B6F670FE1CF3F79A0023C78B /* model */ = {
			isa = PBXGroup;
			children = (
			);
			path = model;
			sourceTree = "<group>";
		};
		B6F670FF1CF3F79A0023C78B /* view */ = {
			isa = PBXGroup;
			children = (
			);
			path = view;
			sourceTree = "<group>";
		};
		B6F671061CF459CF0023C78B /* tips */ = {
			isa = PBXGroup;
			children = (
				B6F671071CF459E40023C78B /* TipsVCList.swift */,
				B6F6710B1CF45B7F0023C78B /* CommentDegreeShowVC.swift */,
			);
			path = tips;
			sourceTree = "<group>";
		};
/* End PBXGroup section */

/* Begin PBXNativeTarget section */
		B6BFF3361CC12F1500141A93 /* iOSComponent */ = {
			isa = PBXNativeTarget;
			buildConfigurationList = B6BFF35F1CC12F1600141A93 /* Build configuration list for PBXNativeTarget "iOSComponent" */;
			buildPhases = (
				B6BFF3331CC12F1500141A93 /* Sources */,
				B6BFF3341CC12F1500141A93 /* Frameworks */,
				B6BFF3351CC12F1500141A93 /* Resources */,
			);
			buildRules = (
			);
			dependencies = (
			);
			name = iOSComponent;
			productName = iOSComponent;
			productReference = B6BFF3371CC12F1500141A93 /* iOSComponent.app */;
			productType = "com.apple.product-type.application";
		};
		B6BFF34A1CC12F1600141A93 /* iOSComponentTests */ = {
			isa = PBXNativeTarget;
			buildConfigurationList = B6BFF3621CC12F1600141A93 /* Build configuration list for PBXNativeTarget "iOSComponentTests" */;
			buildPhases = (
				B6BFF3471CC12F1600141A93 /* Sources */,
				B6BFF3481CC12F1600141A93 /* Frameworks */,
				B6BFF3491CC12F1600141A93 /* Resources */,
			);
			buildRules = (
			);
			dependencies = (
				B6BFF34D1CC12F1600141A93 /* PBXTargetDependency */,
			);
			name = iOSComponentTests;
			productName = iOSComponentTests;
			productReference = B6BFF34B1CC12F1600141A93 /* iOSComponentTests.xctest */;
			productType = "com.apple.product-type.bundle.unit-test";
		};
		B6BFF3551CC12F1600141A93 /* iOSComponentUITests */ = {
			isa = PBXNativeTarget;
			buildConfigurationList = B6BFF3651CC12F1600141A93 /* Build configuration list for PBXNativeTarget "iOSComponentUITests" */;
			buildPhases = (
				B6BFF3521CC12F1600141A93 /* Sources */,
				B6BFF3531CC12F1600141A93 /* Frameworks */,
				B6BFF3541CC12F1600141A93 /* Resources */,
			);
			buildRules = (
			);
			dependencies = (
				B6BFF3581CC12F1600141A93 /* PBXTargetDependency */,
			);
			name = iOSComponentUITests;
			productName = iOSComponentUITests;
			productReference = B6BFF3561CC12F1600141A93 /* iOSComponentUITests.xctest */;
			productType = "com.apple.product-type.bundle.ui-testing";
		};
/* End PBXNativeTarget section */

/* Begin PBXProject section */
		B6BFF32F1CC12F1500141A93 /* Project object */ = {
			isa = PBXProject;
			attributes = {
				LastSwiftUpdateCheck = 0720;
				LastUpgradeCheck = 0720;
				ORGANIZATIONNAME = liyang;
				TargetAttributes = {
					B6BFF3361CC12F1500141A93 = {
						CreatedOnToolsVersion = 7.2;
						DevelopmentTeam = 8V6T668BDM;
					};
					B6BFF34A1CC12F1600141A93 = {
						CreatedOnToolsVersion = 7.2;
						TestTargetID = B6BFF3361CC12F1500141A93;
					};
					B6BFF3551CC12F1600141A93 = {
						CreatedOnToolsVersion = 7.2;
						TestTargetID = B6BFF3361CC12F1500141A93;
					};
				};
			};
			buildConfigurationList = B6BFF3321CC12F1500141A93 /* Build configuration list for PBXProject "iOSComponent" */;
			compatibilityVersion = "Xcode 3.2";
			developmentRegion = English;
			hasScannedForEncodings = 0;
			knownRegions = (
				en,
				Base,
			);
			mainGroup = B6BFF32E1CC12F1500141A93;
			productRefGroup = B6BFF3381CC12F1500141A93 /* Products */;
			projectDirPath = "";
			projectRoot = "";
			targets = (
				B6BFF3361CC12F1500141A93 /* iOSComponent */,
				B6BFF34A1CC12F1600141A93 /* iOSComponentTests */,
				B6BFF3551CC12F1600141A93 /* iOSComponentUITests */,
			);
		};
/* End PBXProject section */

/* Begin PBXResourcesBuildPhase section */
		B6BFF3351CC12F1500141A93 /* Resources */ = {
			isa = PBXResourcesBuildPhase;
			buildActionMask = 2147483647;
			files = (
				B6E336D51CCA3F390028CE37 /* control.storyboard in Resources */,
				B6BFF3451CC12F1500141A93 /* LaunchScreen.storyboard in Resources */,
				B618729C1CC144B700878EDE /* subject.storyboard in Resources */,
				B6FA0D481CE47F44005745B0 /* config.xml in Resources */,
				B6BFF3421CC12F1500141A93 /* Assets.xcassets in Resources */,
				B69EFC7C1CEB293100A20F20 /* poi_1.png in Resources */,
				B6F6710A1CF45AD40023C78B /* tips.storyboard in Resources */,
				B6BFF3401CC12F1500141A93 /* Main.storyboard in Resources */,
				B69EFC5F1CEAB57900A20F20 /* mapapi.bundle in Resources */,
				B69EFC751CEB1C3E00A20F20 /* texture_arrow.png in Resources */,
				B69EFC7E1CEB293100A20F20 /* poi_3.png in Resources */,
				B69EFC7D1CEB293100A20F20 /* poi_2.png in Resources */,
				B69EFC801CEB2B8500A20F20 /* test.png in Resources */,
			);
			runOnlyForDeploymentPostprocessing = 0;
		};
		B6BFF3491CC12F1600141A93 /* Resources */ = {
			isa = PBXResourcesBuildPhase;
			buildActionMask = 2147483647;
			files = (
			);
			runOnlyForDeploymentPostprocessing = 0;
		};
		B6BFF3541CC12F1600141A93 /* Resources */ = {
			isa = PBXResourcesBuildPhase;
			buildActionMask = 2147483647;
			files = (
			);
			runOnlyForDeploymentPostprocessing = 0;
		};
/* End PBXResourcesBuildPhase section */

/* Begin PBXSourcesBuildPhase section */
		B6BFF3331CC12F1500141A93 /* Sources */ = {
			isa = PBXSourcesBuildPhase;
			buildActionMask = 2147483647;
			files = (
				B61872981CC13BD200878EDE /* BaseGroupTableViewController.swift in Sources */,
				B69EFC631CEAF28900A20F20 /* MultiMapViewDemoVC.swift in Sources */,
				B6E336D31CCA3E4B0028CE37 /* ControlViewController.swift in Sources */,
				B6F6710C1CF45B7F0023C78B /* CommentDegreeShowVC.swift in Sources */,
				B6CFA6401CF58B210074412B /* EventBox.swift in Sources */,
				B696347E1CDF3892009D6188 /* SunLayer.swift in Sources */,
				B65B7DC31CEC4C9400F1E072 /* GeocodeDemoVC.swift in Sources */,
				B6296D681CE32E6A00492C1B /* CoreTextPlainVC.swift in Sources */,
				B6E336E21CCB92910028CE37 /* Constant.swift in Sources */,
				B6296D6C1CE37ACC00492C1B /* CoreTextPictureVC.swift in Sources */,
				B618729F1CC1463F00878EDE /* ResponderChainViewController.swift in Sources */,
				B696347B1CDEEEC6009D6188 /* CoreGraphicsViewController.swift in Sources */,
				B69EFC6B1CEB057F00A20F20 /* SWXMLHash.swift in Sources */,
				B664FD221CEF459800E88088 /* LYPullRefreshScrollView.swift in Sources */,
				B64BEE241CF92ED300482407 /* Transaction.swift in Sources */,
				B6CA66171CE4B19C00306E25 /* CoreTextCTLineDraw.swift in Sources */,
				B69EFC651CEB021500A20F20 /* AnnotationDemoVC.swift in Sources */,
				B6DD9B1F1CEDB9EB004B16EE /* DistrictSearchDemoVC.swift in Sources */,
				B6E336E01CCB1F400028CE37 /* SunFPSLabel.swift in Sources */,
				B6E336D81CCA3FD60028CE37 /* SunLabel.swift in Sources */,
				B69EFC6A1CEB057F00A20F20 /* SWXMLHash+TypeConversion.swift in Sources */,
				B6E819C31CCC8981005090F0 /* CornerRadiusViewController.swift in Sources */,
				B69EFC781CEB28D800A20F20 /* AnimatedAnnotationView.swift in Sources */,
				B6F671041CF448BF0023C78B /* CommonUtil.swift in Sources */,
				B64BEE271CF93A9E00482407 /* ChatVC.swift in Sources */,
				B69EFC611CEABDCF00A20F20 /* MapViewBaseDemoVC.swift in Sources */,
				B69EFC731CEB071200A20F20 /* Application.swift in Sources */,
				B69EFC711CEB069500A20F20 /* Config.swift in Sources */,
				B61872A11CC1470C00878EDE /* BaseNavigationController.swift in Sources */,
				B6DD9B1D1CED9CF0004B16EE /* BusLineSearchVC.swift in Sources */,
				B618729A1CC13EFF00878EDE /* SubjectViewController.swift in Sources */,
				B65B7DC11CEC0D3100F1E072 /* PoiSearchDemoVC.swift in Sources */,
				B6CFA6421CF5DFD50074412B /* AutoBoxingAndUnboxingUtil.swift in Sources */,
				B6F671011CF3F7C20023C78B /* OptimizeTableViewVC.swift in Sources */,
				B634BE141CCE5159008C26CB /* CoreTextViewController.swift in Sources */,
				B6B9BC171CE9BF7400F4BEB1 /* MapListViewController.swift in Sources */,
				B6CFA63E1CF5590D0074412B /* SunRefresh.swift in Sources */,
				B6BFF33B1CC12F1500141A93 /* AppDelegate.swift in Sources */,
				B69EFC6F1CEB067800A20F20 /* ColorUtil.swift in Sources */,
				B6DD9B211CEDC6E9004B16EE /* SuggestionSearchDemoVC.swift in Sources */,
				B6296D6A1CE32F5400492C1B /* BasePlainTableViewController.swift in Sources */,
				B68709FD1CC60D490012345F /* SQLiteDBUtil.swift in Sources */,
				B6F671081CF459E40023C78B /* TipsVCList.swift in Sources */,
				B657CB611CC6552C00EE506F /* LinkedImplementsViewController.swift in Sources */,
				B61872961CC1383400878EDE /* BaseViewController.swift in Sources */,
				B6F671051CF448BF0023C78B /* ConvertUtil.swift in Sources */,
				B657CB641CC656B300EE506F /* GCDdayDreamViewController.swift in Sources */,
				B6E336DA1CCA42940028CE37 /* SunLableViewControlelr.swift in Sources */,
				B6F6710E1CF45D3B0023C78B /* CommentDegreeShowView.swift in Sources */,
				B6DD9B1B1CED5E0A004B16EE /* RouteAnnotation.swift in Sources */,
				B6E761F41CEC697300AB81AD /* RouteSearchDemoVC.swift in Sources */,
			);
			runOnlyForDeploymentPostprocessing = 0;
		};
		B6BFF3471CC12F1600141A93 /* Sources */ = {
			isa = PBXSourcesBuildPhase;
			buildActionMask = 2147483647;
			files = (
				B6BFF3501CC12F1600141A93 /* iOSComponentTests.swift in Sources */,
			);
			runOnlyForDeploymentPostprocessing = 0;
		};
		B6BFF3521CC12F1600141A93 /* Sources */ = {
			isa = PBXSourcesBuildPhase;
			buildActionMask = 2147483647;
			files = (
				B6BFF35B1CC12F1600141A93 /* iOSComponentUITests.swift in Sources */,
			);
			runOnlyForDeploymentPostprocessing = 0;
		};
/* End PBXSourcesBuildPhase section */

/* Begin PBXTargetDependency section */
		B6BFF34D1CC12F1600141A93 /* PBXTargetDependency */ = {
			isa = PBXTargetDependency;
			target = B6BFF3361CC12F1500141A93 /* iOSComponent */;
			targetProxy = B6BFF34C1CC12F1600141A93 /* PBXContainerItemProxy */;
		};
		B6BFF3581CC12F1600141A93 /* PBXTargetDependency */ = {
			isa = PBXTargetDependency;
			target = B6BFF3361CC12F1500141A93 /* iOSComponent */;
			targetProxy = B6BFF3571CC12F1600141A93 /* PBXContainerItemProxy */;
		};
/* End PBXTargetDependency section */

/* Begin PBXVariantGroup section */
		B6BFF33E1CC12F1500141A93 /* Main.storyboard */ = {
			isa = PBXVariantGroup;
			children = (
				B6BFF33F1CC12F1500141A93 /* Base */,
			);
			name = Main.storyboard;
			sourceTree = "<group>";
		};
		B6BFF3431CC12F1500141A93 /* LaunchScreen.storyboard */ = {
			isa = PBXVariantGroup;
			children = (
				B6BFF3441CC12F1500141A93 /* Base */,
			);
			name = LaunchScreen.storyboard;
			sourceTree = "<group>";
		};
/* End PBXVariantGroup section */

/* Begin XCBuildConfiguration section */
		B6BFF35D1CC12F1600141A93 /* Debug */ = {
			isa = XCBuildConfiguration;
			buildSettings = {
				ALWAYS_SEARCH_USER_PATHS = NO;
				CLANG_CXX_LANGUAGE_STANDARD = "gnu++0x";
				CLANG_CXX_LIBRARY = "libc++";
				CLANG_ENABLE_MODULES = YES;
				CLANG_ENABLE_OBJC_ARC = YES;
				CLANG_WARN_BOOL_CONVERSION = YES;
				CLANG_WARN_CONSTANT_CONVERSION = YES;
				CLANG_WARN_DIRECT_OBJC_ISA_USAGE = YES_ERROR;
				CLANG_WARN_EMPTY_BODY = YES;
				CLANG_WARN_ENUM_CONVERSION = YES;
				CLANG_WARN_INT_CONVERSION = YES;
				CLANG_WARN_OBJC_ROOT_CLASS = YES_ERROR;
				CLANG_WARN_UNREACHABLE_CODE = YES;
				CLANG_WARN__DUPLICATE_METHOD_MATCH = YES;
				"CODE_SIGN_IDENTITY[sdk=iphoneos*]" = "iPhone Developer";
				COPY_PHASE_STRIP = NO;
				DEBUG_INFORMATION_FORMAT = dwarf;
				ENABLE_STRICT_OBJC_MSGSEND = YES;
				ENABLE_TESTABILITY = YES;
				GCC_C_LANGUAGE_STANDARD = gnu99;
				GCC_DYNAMIC_NO_PIC = NO;
				GCC_NO_COMMON_BLOCKS = YES;
				GCC_OPTIMIZATION_LEVEL = 0;
				GCC_PREPROCESSOR_DEFINITIONS = (
					"DEBUG=1",
					"$(inherited)",
				);
				GCC_WARN_64_TO_32_BIT_CONVERSION = YES;
				GCC_WARN_ABOUT_RETURN_TYPE = YES_ERROR;
				GCC_WARN_UNDECLARED_SELECTOR = YES;
				GCC_WARN_UNINITIALIZED_AUTOS = YES_AGGRESSIVE;
				GCC_WARN_UNUSED_FUNCTION = YES;
				GCC_WARN_UNUSED_VARIABLE = YES;
				IPHONEOS_DEPLOYMENT_TARGET = 9.2;
				MTL_ENABLE_DEBUG_INFO = YES;
				ONLY_ACTIVE_ARCH = YES;
				SDKROOT = iphoneos;
				SWIFT_OPTIMIZATION_LEVEL = "-Onone";
			};
			name = Debug;
		};
		B6BFF35E1CC12F1600141A93 /* Release */ = {
			isa = XCBuildConfiguration;
			buildSettings = {
				ALWAYS_SEARCH_USER_PATHS = NO;
				CLANG_CXX_LANGUAGE_STANDARD = "gnu++0x";
				CLANG_CXX_LIBRARY = "libc++";
				CLANG_ENABLE_MODULES = YES;
				CLANG_ENABLE_OBJC_ARC = YES;
				CLANG_WARN_BOOL_CONVERSION = YES;
				CLANG_WARN_CONSTANT_CONVERSION = YES;
				CLANG_WARN_DIRECT_OBJC_ISA_USAGE = YES_ERROR;
				CLANG_WARN_EMPTY_BODY = YES;
				CLANG_WARN_ENUM_CONVERSION = YES;
				CLANG_WARN_INT_CONVERSION = YES;
				CLANG_WARN_OBJC_ROOT_CLASS = YES_ERROR;
				CLANG_WARN_UNREACHABLE_CODE = YES;
				CLANG_WARN__DUPLICATE_METHOD_MATCH = YES;
				"CODE_SIGN_IDENTITY[sdk=iphoneos*]" = "iPhone Developer";
				COPY_PHASE_STRIP = NO;
				DEBUG_INFORMATION_FORMAT = "dwarf-with-dsym";
				ENABLE_NS_ASSERTIONS = NO;
				ENABLE_STRICT_OBJC_MSGSEND = YES;
				GCC_C_LANGUAGE_STANDARD = gnu99;
				GCC_NO_COMMON_BLOCKS = YES;
				GCC_WARN_64_TO_32_BIT_CONVERSION = YES;
				GCC_WARN_ABOUT_RETURN_TYPE = YES_ERROR;
				GCC_WARN_UNDECLARED_SELECTOR = YES;
				GCC_WARN_UNINITIALIZED_AUTOS = YES_AGGRESSIVE;
				GCC_WARN_UNUSED_FUNCTION = YES;
				GCC_WARN_UNUSED_VARIABLE = YES;
				IPHONEOS_DEPLOYMENT_TARGET = 9.2;
				MTL_ENABLE_DEBUG_INFO = NO;
				SDKROOT = iphoneos;
				VALIDATE_PRODUCT = YES;
			};
			name = Release;
		};
		B6BFF3601CC12F1600141A93 /* Debug */ = {
			isa = XCBuildConfiguration;
			buildSettings = {
				ASSETCATALOG_COMPILER_APPICON_NAME = AppIcon;
				CLANG_ENABLE_MODULES = YES;
				CODE_SIGN_IDENTITY = "iPhone Developer";
				"CODE_SIGN_IDENTITY[sdk=iphoneos*]" = "iPhone Developer";
				FRAMEWORK_SEARCH_PATHS = (
					"$(inherited)",
					"$(PROJECT_DIR)/iOSComponent/libs/BaiduMap",
				);
				GCC_INPUT_FILETYPE = sourcecode.cpp.objcpp;
				INFOPLIST_FILE = iOSComponent/Info.plist;
				IPHONEOS_DEPLOYMENT_TARGET = 8.0;
				LD_RUNPATH_SEARCH_PATHS = "$(inherited) @executable_path/Frameworks";
				OTHER_LDFLAGS = "-ObjC";
				PRODUCT_BUNDLE_IDENTIFIER = com.boqiao919.iOSComponent;
				PRODUCT_NAME = "$(TARGET_NAME)";
				PROVISIONING_PROFILE = "";
				SWIFT_OBJC_BRIDGING_HEADER = "iOSComponent/libs/iOSComponent-Bridging-Header.h";
				SWIFT_OPTIMIZATION_LEVEL = "-Onone";
			};
			name = Debug;
		};
		B6BFF3611CC12F1600141A93 /* Release */ = {
			isa = XCBuildConfiguration;
			buildSettings = {
				ASSETCATALOG_COMPILER_APPICON_NAME = AppIcon;
				CLANG_ENABLE_MODULES = YES;
				CODE_SIGN_IDENTITY = "iPhone Developer";
				"CODE_SIGN_IDENTITY[sdk=iphoneos*]" = "iPhone Developer";
				FRAMEWORK_SEARCH_PATHS = (
					"$(inherited)",
					"$(PROJECT_DIR)/iOSComponent/libs/BaiduMap",
				);
				GCC_INPUT_FILETYPE = sourcecode.cpp.objcpp;
				INFOPLIST_FILE = iOSComponent/Info.plist;
				IPHONEOS_DEPLOYMENT_TARGET = 8.0;
				LD_RUNPATH_SEARCH_PATHS = "$(inherited) @executable_path/Frameworks";
				OTHER_LDFLAGS = "-ObjC";
				PRODUCT_BUNDLE_IDENTIFIER = com.boqiao919.iOSComponent;
				PRODUCT_NAME = "$(TARGET_NAME)";
				PROVISIONING_PROFILE = "";
				SWIFT_OBJC_BRIDGING_HEADER = "iOSComponent/libs/iOSComponent-Bridging-Header.h";
			};
			name = Release;
		};
		B6BFF3631CC12F1600141A93 /* Debug */ = {
			isa = XCBuildConfiguration;
			buildSettings = {
				BUNDLE_LOADER = "$(TEST_HOST)";
				INFOPLIST_FILE = iOSComponentTests/Info.plist;
				LD_RUNPATH_SEARCH_PATHS = "$(inherited) @executable_path/Frameworks @loader_path/Frameworks";
				PRODUCT_BUNDLE_IDENTIFIER = com.boqiao919.iOSComponentTests;
				PRODUCT_NAME = "$(TARGET_NAME)";
				TEST_HOST = "$(BUILT_PRODUCTS_DIR)/iOSComponent.app/iOSComponent";
			};
			name = Debug;
		};
		B6BFF3641CC12F1600141A93 /* Release */ = {
			isa = XCBuildConfiguration;
			buildSettings = {
				BUNDLE_LOADER = "$(TEST_HOST)";
				INFOPLIST_FILE = iOSComponentTests/Info.plist;
				LD_RUNPATH_SEARCH_PATHS = "$(inherited) @executable_path/Frameworks @loader_path/Frameworks";
				PRODUCT_BUNDLE_IDENTIFIER = com.boqiao919.iOSComponentTests;
				PRODUCT_NAME = "$(TARGET_NAME)";
				TEST_HOST = "$(BUILT_PRODUCTS_DIR)/iOSComponent.app/iOSComponent";
			};
			name = Release;
		};
		B6BFF3661CC12F1600141A93 /* Debug */ = {
			isa = XCBuildConfiguration;
			buildSettings = {
				INFOPLIST_FILE = iOSComponentUITests/Info.plist;
				LD_RUNPATH_SEARCH_PATHS = "$(inherited) @executable_path/Frameworks @loader_path/Frameworks";
				PRODUCT_BUNDLE_IDENTIFIER = com.boqiao919.iOSComponentUITests;
				PRODUCT_NAME = "$(TARGET_NAME)";
				TEST_TARGET_NAME = iOSComponent;
				USES_XCTRUNNER = YES;
			};
			name = Debug;
		};
		B6BFF3671CC12F1600141A93 /* Release */ = {
			isa = XCBuildConfiguration;
			buildSettings = {
				INFOPLIST_FILE = iOSComponentUITests/Info.plist;
				LD_RUNPATH_SEARCH_PATHS = "$(inherited) @executable_path/Frameworks @loader_path/Frameworks";
				PRODUCT_BUNDLE_IDENTIFIER = com.boqiao919.iOSComponentUITests;
				PRODUCT_NAME = "$(TARGET_NAME)";
				TEST_TARGET_NAME = iOSComponent;
				USES_XCTRUNNER = YES;
			};
			name = Release;
		};
/* End XCBuildConfiguration section */

/* Begin XCConfigurationList section */
		B6BFF3321CC12F1500141A93 /* Build configuration list for PBXProject "iOSComponent" */ = {
			isa = XCConfigurationList;
			buildConfigurations = (
				B6BFF35D1CC12F1600141A93 /* Debug */,
				B6BFF35E1CC12F1600141A93 /* Release */,
			);
			defaultConfigurationIsVisible = 0;
			defaultConfigurationName = Release;
		};
		B6BFF35F1CC12F1600141A93 /* Build configuration list for PBXNativeTarget "iOSComponent" */ = {
			isa = XCConfigurationList;
			buildConfigurations = (
				B6BFF3601CC12F1600141A93 /* Debug */,
				B6BFF3611CC12F1600141A93 /* Release */,
			);
			defaultConfigurationIsVisible = 0;
			defaultConfigurationName = Release;
		};
		B6BFF3621CC12F1600141A93 /* Build configuration list for PBXNativeTarget "iOSComponentTests" */ = {
			isa = XCConfigurationList;
			buildConfigurations = (
				B6BFF3631CC12F1600141A93 /* Debug */,
				B6BFF3641CC12F1600141A93 /* Release */,
			);
			defaultConfigurationIsVisible = 0;
			defaultConfigurationName = Release;
		};
		B6BFF3651CC12F1600141A93 /* Build configuration list for PBXNativeTarget "iOSComponentUITests" */ = {
			isa = XCConfigurationList;
			buildConfigurations = (
				B6BFF3661CC12F1600141A93 /* Debug */,
				B6BFF3671CC12F1600141A93 /* Release */,
			);
			defaultConfigurationIsVisible = 0;
			defaultConfigurationName = Release;
		};
/* End XCConfigurationList section */
	};
	rootObject = B6BFF32F1CC12F1500141A93 /* Project object */;
}
